
Microsoft Visual Studio Solution File, Format Version 12.00
Project("{FAE04EC0-301F-11D3-BF4B-00C04F79EFBC}") = "FerramentaLog", "FerramentaLog.csproj", "{5D074A92-727C-4EA3-A35A-2618CE33DD59}"
EndProject
Global
	GlobalSection(SolutionConfigurationPlatforms) = preSolution
		Debug|Any CPU = Debug|Any CPU
		Release|Any CPU = Release|Any CPU
	EndGlobalSection
	GlobalSection(ProjectConfigurationPlatforms) = postSolution
		{5D074A92-727C-4EA3-A35A-2618CE33DD59}.Debug|Any CPU.ActiveCfg = Debug|Any CPU
		{5D074A92-727C-4EA3-A35A-2618CE33DD59}.Debug|Any CPU.Build.0 = Debug|Any CPU
		{5D074A92-727C-4EA3-A35A-2618CE33DD59}.Release|Any CPU.ActiveCfg = Release|Any CPU
		{5D074A92-727C-4EA3-A35A-2618CE33DD59}.Release|Any CPU.Build.0 = Release|Any CPU
	EndGlobalSection
EndGlobal
